
Microsoft Visual Studio Solution File, Format Version 12.00
# Visual Studio Version 17
VisualStudioVersion = 17.4.33110.190
MinimumVisualStudioVersion = 10.0.40219.1
Project("{9A19103F-16F7-4668-BE54-9A1E7A4F7556}") = "AdminPanalAPI", "AdminPanal\AdminPanalAPI.csproj", "{F80D8961-F8F4-439B-A706-D99C7B59E9A0}"
EndProject
Project("{9A19103F-16F7-4668-BE54-9A1E7A4F7556}") = "Domain", "Domain\Domain.csproj", "{1C9C6559-A1C6-487F-B14C-B1D15ECDDC3D}"
EndProject
Project("{FAE04EC0-301F-11D3-BF4B-00C04F79EFBC}") = "DomainServices", "DomainServices\DomainServices.csproj", "{AAC26236-0008-4A15-9C7E-305BDDED1452}"
EndProject
Project("{FAE04EC0-301F-11D3-BF4B-00C04F79EFBC}") = "ApplicationServices", "ApplicationServices\ApplicationServices.csproj", "{B8F2C5CD-FA0F-4552-96FD-B9B16A6294A8}"
EndProject
Project("{FAE04EC0-301F-11D3-BF4B-00C04F79EFBC}") = "Infrastructure", "Infrastructure\Infrastructure.csproj", "{C018AF26-39A1-4E1D-ABD0-C3900EC1B6D5}"
EndProject
Global
	GlobalSection(SolutionConfigurationPlatforms) = preSolution
		Debug|Any CPU = Debug|Any CPU
		Release|Any CPU = Release|Any CPU
	EndGlobalSection
	GlobalSection(ProjectConfigurationPlatforms) = postSolution
		{F80D8961-F8F4-439B-A706-D99C7B59E9A0}.Debug|Any CPU.ActiveCfg = Debug|Any CPU
		{F80D8961-F8F4-439B-A706-D99C7B59E9A0}.Debug|Any CPU.Build.0 = Debug|Any CPU
		{F80D8961-F8F4-439B-A706-D99C7B59E9A0}.Release|Any CPU.ActiveCfg = Release|Any CPU
		{F80D8961-F8F4-439B-A706-D99C7B59E9A0}.Release|Any CPU.Build.0 = Release|Any CPU
		{1C9C6559-A1C6-487F-B14C-B1D15ECDDC3D}.Debug|Any CPU.ActiveCfg = Debug|Any CPU
		{1C9C6559-A1C6-487F-B14C-B1D15ECDDC3D}.Debug|Any CPU.Build.0 = Debug|Any CPU
		{1C9C6559-A1C6-487F-B14C-B1D15ECDDC3D}.Release|Any CPU.ActiveCfg = Release|Any CPU
		{1C9C6559-A1C6-487F-B14C-B1D15ECDDC3D}.Release|Any CPU.Build.0 = Release|Any CPU
		{AAC26236-0008-4A15-9C7E-305BDDED1452}.Debug|Any CPU.ActiveCfg = Debug|Any CPU
		{AAC26236-0008-4A15-9C7E-305BDDED1452}.Debug|Any CPU.Build.0 = Debug|Any CPU
		{AAC26236-0008-4A15-9C7E-305BDDED1452}.Release|Any CPU.ActiveCfg = Release|Any CPU
		{AAC26236-0008-4A15-9C7E-305BDDED1452}.Release|Any CPU.Build.0 = Release|Any CPU
		{B8F2C5CD-FA0F-4552-96FD-B9B16A6294A8}.Debug|Any CPU.ActiveCfg = Debug|Any CPU
		{B8F2C5CD-FA0F-4552-96FD-B9B16A6294A8}.Debug|Any CPU.Build.0 = Debug|Any CPU
		{B8F2C5CD-FA0F-4552-96FD-B9B16A6294A8}.Release|Any CPU.ActiveCfg = Release|Any CPU
		{B8F2C5CD-FA0F-4552-96FD-B9B16A6294A8}.Release|Any CPU.Build.0 = Release|Any CPU
		{C018AF26-39A1-4E1D-ABD0-C3900EC1B6D5}.Debug|Any CPU.ActiveCfg = Debug|Any CPU
		{C018AF26-39A1-4E1D-ABD0-C3900EC1B6D5}.Debug|Any CPU.Build.0 = Debug|Any CPU
		{C018AF26-39A1-4E1D-ABD0-C3900EC1B6D5}.Release|Any CPU.ActiveCfg = Release|Any CPU
		{C018AF26-39A1-4E1D-ABD0-C3900EC1B6D5}.Release|Any CPU.Build.0 = Release|Any CPU
	EndGlobalSection
	GlobalSection(SolutionProperties) = preSolution
		HideSolutionNode = FALSE
	EndGlobalSection
	GlobalSection(ExtensibilityGlobals) = postSolution
		SolutionGuid = {3252D448-4370-436F-AE8F-CF4DC3ABB0E8}
	EndGlobalSection
EndGlobal
